
Microsoft Visual Studio Solution File, Format Version 12.00
# Visual Studio 15
VisualStudioVersion = 15.0.28307.1267
MinimumVisualStudioVersion = 10.0.40219.1
Project("{FAE04EC0-301F-11D3-BF4B-00C04F79EFBC}") = "ManagementCenter", "ManagementCenter\ManagementCenter.csproj", "{81536AD7-A170-4019-86D8-60E1336F2A28}"
EndProject
Global
	GlobalSection(SolutionConfigurationPlatforms) = preSolution
		Debug|Any CPU = Debug|Any CPU
		Release|Any CPU = Release|Any CPU
	EndGlobalSection
	GlobalSection(ProjectConfigurationPlatforms) = postSolution
		{81536AD7-A170-4019-86D8-60E1336F2A28}.Debug|Any CPU.ActiveCfg = Debug|Any CPU
		{81536AD7-A170-4019-86D8-60E1336F2A28}.Debug|Any CPU.Build.0 = Debug|Any CPU
		{81536AD7-A170-4019-86D8-60E1336F2A28}.Release|Any CPU.ActiveCfg = Release|Any CPU
		{81536AD7-A170-4019-86D8-60E1336F2A28}.Release|Any CPU.Build.0 = Release|Any CPU
	EndGlobalSection
	GlobalSection(SolutionProperties) = preSolution
		HideSolutionNode = FALSE
	EndGlobalSection
	GlobalSection(ExtensibilityGlobals) = postSolution
		SolutionGuid = {7E08E2F1-96D0-4DD8-9E36-33CAD5DEBCEF}
	EndGlobalSection
EndGlobal
